
Microsoft Visual Studio Solution File, Format Version 12.00
# Visual Studio Version 16
VisualStudioVersion = 16.0.30413.136
MinimumVisualStudioVersion = 10.0.40219.1
Project("{9A19103F-16F7-4668-BE54-9A1E7A4F7556}") = "webserver-printing", "webserver-printing.csproj", "{7BC4F9F6-4227-40BF-8F7F-18624DAA042B}"
EndProject
Project("{FAE04EC0-301F-11D3-BF4B-00C04F79EFBC}") = "webserver-printing-NET48", "..\webserver-printing-NET48\webserver-printing-NET48.csproj", "{2B64FA3D-E06A-4CF7-A910-786CE503DBA4}"
EndProject
Global
	GlobalSection(SolutionConfigurationPlatforms) = preSolution
		Debug|Any CPU = Debug|Any CPU
		Release|Any CPU = Release|Any CPU
	EndGlobalSection
	GlobalSection(ProjectConfigurationPlatforms) = postSolution
		{7BC4F9F6-4227-40BF-8F7F-18624DAA042B}.Debug|Any CPU.ActiveCfg = Debug|Any CPU
		{7BC4F9F6-4227-40BF-8F7F-18624DAA042B}.Debug|Any CPU.Build.0 = Debug|Any CPU
		{7BC4F9F6-4227-40BF-8F7F-18624DAA042B}.Release|Any CPU.ActiveCfg = Release|Any CPU
		{7BC4F9F6-4227-40BF-8F7F-18624DAA042B}.Release|Any CPU.Build.0 = Release|Any CPU
		{2B64FA3D-E06A-4CF7-A910-786CE503DBA4}.Debug|Any CPU.ActiveCfg = Debug|Any CPU
		{2B64FA3D-E06A-4CF7-A910-786CE503DBA4}.Debug|Any CPU.Build.0 = Debug|Any CPU
		{2B64FA3D-E06A-4CF7-A910-786CE503DBA4}.Release|Any CPU.ActiveCfg = Release|Any CPU
		{2B64FA3D-E06A-4CF7-A910-786CE503DBA4}.Release|Any CPU.Build.0 = Release|Any CPU
	EndGlobalSection
	GlobalSection(SolutionProperties) = preSolution
		HideSolutionNode = FALSE
	EndGlobalSection
	GlobalSection(ExtensibilityGlobals) = postSolution
		SolutionGuid = {4DD3D82B-3C7D-4F42-8018-DB3D2380DB1F}
	EndGlobalSection
EndGlobal
